
Microsoft Visual Studio Solution File, Format Version 12.00
# Visual Studio Version 17
VisualStudioVersion = 17.5.33530.505
MinimumVisualStudioVersion = 10.0.40219.1
Project("{FAE04EC0-301F-11D3-BF4B-00C04F79EFBC}") = "onedrive-upload-dot-net", "onedrive-upload-dot-net\onedrive-upload-dot-net.csproj", "{23603E07-898D-4B66-9D55-13FC63F992FD}"
EndProject
Global
	GlobalSection(SolutionConfigurationPlatforms) = preSolution
		Debug|Any CPU = Debug|Any CPU
		Release|Any CPU = Release|Any CPU
	EndGlobalSection
	GlobalSection(ProjectConfigurationPlatforms) = postSolution
		{23603E07-898D-4B66-9D55-13FC63F992FD}.Debug|Any CPU.ActiveCfg = Debug|Any CPU
		{23603E07-898D-4B66-9D55-13FC63F992FD}.Debug|Any CPU.Build.0 = Debug|Any CPU
		{23603E07-898D-4B66-9D55-13FC63F992FD}.Release|Any CPU.ActiveCfg = Release|Any CPU
		{23603E07-898D-4B66-9D55-13FC63F992FD}.Release|Any CPU.Build.0 = Release|Any CPU
	EndGlobalSection
	GlobalSection(SolutionProperties) = preSolution
		HideSolutionNode = FALSE
	EndGlobalSection
	GlobalSection(ExtensibilityGlobals) = postSolution
		SolutionGuid = {1EB3DC97-2D44-4BB6-94E4-705391C5EA59}
	EndGlobalSection
EndGlobal
